
Microsoft Visual Studio Solution File, Format Version 12.00
# Visual Studio Version 17
VisualStudioVersion = 17.5.33627.172
MinimumVisualStudioVersion = 10.0.40219.1
Project("{2150E333-8FDC-42A3-9474-1A3956D46DE8}") = "Libs", "Libs", "{9F974D51-1142-4352-B74E-2BA1A18BAFFE}"
EndProject
Project("{2150E333-8FDC-42A3-9474-1A3956D46DE8}") = "Solution Items", "Solution Items", "{C02E41F5-0E88-4678-A1B6-49E918F46672}"
	ProjectSection(SolutionItems) = preProject
		Directory.Build.props = Directory.Build.props
	EndProjectSection
EndProject
Project("{2150E333-8FDC-42A3-9474-1A3956D46DE8}") = "Play", "Play", "{D7C7DF00-23C2-44DC-84E0-67EB7C01BE9F}"
EndProject
Project("{9A19103F-16F7-4668-BE54-9A1E7A4F7556}") = "WinPlayer", "Play\WinPlayer\WinPlayer.csproj", "{2526DEB1-89AB-449D-A927-806180282E4F}"
EndProject
Project("{9A19103F-16F7-4668-BE54-9A1E7A4F7556}") = "ConPlay", "Play\ConPlay\ConPlay.csproj", "{A6C4ADED-D6AD-46AA-A545-FCC50854DD51}"
EndProject
Project("{9A19103F-16F7-4668-BE54-9A1E7A4F7556}") = "1_WinAPI", "Libs\Base\WinAPI\1_WinAPI.csproj", "{7B7ECC9E-9C57-4898-A2F2-AB153EBF7373}"
EndProject
Project("{9A19103F-16F7-4668-BE54-9A1E7A4F7556}") = "1_LayoutSystem", "Libs\Gui\LayoutSystem\1_LayoutSystem.csproj", "{1CE00514-2367-4062-A2A3-1664579D6B9F}"
EndProject
Project("{2150E333-8FDC-42A3-9474-1A3956D46DE8}") = "Tests", "Tests", "{EE6EF8DF-6182-4F66-820B-A2E6979DFBCF}"
EndProject
Project("{9A19103F-16F7-4668-BE54-9A1E7A4F7556}") = "LayoutSystem.Tests", "Tests\Libs\Gui\LayoutSystem.Tests\LayoutSystem.Tests.csproj", "{48DE74A9-B365-49DA-A2B3-4B6853838CC5}"
EndProject
Project("{2150E333-8FDC-42A3-9474-1A3956D46DE8}") = "Tools", "Tools", "{9B377444-21F2-4EF8-8428-16167EBB40A7}"
EndProject
Project("{9A19103F-16F7-4668-BE54-9A1E7A4F7556}") = "LayoutDbgApp", "Tools\LayoutDbgApp\LayoutDbgApp.csproj", "{C7F37AF2-AF5C-4DAF-A0D4-4BD2CB08F73E}"
EndProject
Project("{2150E333-8FDC-42A3-9474-1A3956D46DE8}") = "Base", "Base", "{A9DC0E65-AC1B-454E-88A4-8FC3C2A0B486}"
EndProject
Project("{2150E333-8FDC-42A3-9474-1A3956D46DE8}") = "Gui", "Gui", "{96FD003F-5168-4FA4-AA4F-A8AFFE200037}"
EndProject
Project("{2150E333-8FDC-42A3-9474-1A3956D46DE8}") = "Libs", "Libs", "{68FD36BB-3857-469A-8EF7-A286EDE1D4BD}"
EndProject
Project("{2150E333-8FDC-42A3-9474-1A3956D46DE8}") = "Gui", "Gui", "{ACDCEE26-A1E7-40EF-A07F-2EE1054A7512}"
EndProject
Project("{9A19103F-16F7-4668-BE54-9A1E7A4F7556}") = "3_RenderLib", "Libs\Base\RenderLib\3_RenderLib.csproj", "{09B3539A-B6B6-4098-B449-988DB840590C}"
EndProject
Project("{9A19103F-16F7-4668-BE54-9A1E7A4F7556}") = "3_SysWinLib", "Libs\Base\SysWinLib\3_SysWinLib.csproj", "{B95B55F6-3450-469F-A719-8802D9FE0B19}"
EndProject
Project("{9A19103F-16F7-4668-BE54-9A1E7A4F7556}") = "D3DPlay", "Play\D3DPlay\D3DPlay.csproj", "{B52F7AE2-35C4-41BD-ABA3-C2E1C86934F6}"
EndProject
Project("{9A19103F-16F7-4668-BE54-9A1E7A4F7556}") = "2_ControlSystem", "Libs\Gui\ControlSystem\2_ControlSystem.csproj", "{ACF93C8A-57CC-4648-A5B9-93FC801BA28C}"
EndProject
Project("{9A19103F-16F7-4668-BE54-9A1E7A4F7556}") = "1_UserEvents", "Libs\Gui\UserEvents\1_UserEvents.csproj", "{569C4C1E-63C4-44E3-8706-DD4CBD60D83B}"
EndProject
Project("{9A19103F-16F7-4668-BE54-9A1E7A4F7556}") = "2_SysWinInterfaces", "Libs\Base\SysWinInterfaces\2_SysWinInterfaces.csproj", "{F66392BF-0537-442F-9DBC-FD0D6B768540}"
EndProject
Project("{9A19103F-16F7-4668-BE54-9A1E7A4F7556}") = "UserEventsTracker", "Tools\UserEventsTracker\UserEventsTracker.csproj", "{F119E618-E063-4CAB-9A86-AA67395DBE35}"
EndProject
Project("{9A19103F-16F7-4668-BE54-9A1E7A4F7556}") = "EventsMonitor", "Tools\EventsMonitor\EventsMonitor.csproj", "{B1F8B67F-3AF9-4E42-B93B-CADED6BDB1D6}"
EndProject
Project("{9A19103F-16F7-4668-BE54-9A1E7A4F7556}") = "1_TreePusherLib", "Libs\Gui\TreePusherLib\1_TreePusherLib.csproj", "{CDD9F2D8-1DC6-481F-B5CE-004A06C59531}"
EndProject
Project("{9A19103F-16F7-4668-BE54-9A1E7A4F7556}") = "TreePusherLib.Tests", "Tests\Libs\Gui\TreePusherLib.Tests\TreePusherLib.Tests.csproj", "{D3380F18-6035-4012-9F28-EA3983C21FA4}"
EndProject
Project("{9A19103F-16F7-4668-BE54-9A1E7A4F7556}") = "TestBase", "Tests\TestBase\TestBase.csproj", "{8A7E5754-0E76-4DD1-AAC0-69E5A4192688}"
EndProject
Project("{9A19103F-16F7-4668-BE54-9A1E7A4F7556}") = "SimpleDemo", "Play\SimpleDemo\SimpleDemo.csproj", "{B4FB4E7D-EC90-4BD6-94C8-740BC35D5199}"
EndProject
Project("{FAE04EC0-301F-11D3-BF4B-00C04F79EFBC}") = "ControlSystem.Tests", "Tests\Libs\Gui\ControlSystem.Tests\ControlSystem.Tests.csproj", "{36BD078C-D417-43C4-B4D8-3D4A0F63D454}"
EndProject
Project("{9A19103F-16F7-4668-BE54-9A1E7A4F7556}") = "3_WinSpectorLib", "Libs\Gui\WinSpectorLib\3_WinSpectorLib.csproj", "{5FE3F4E1-7771-44FB-865E-1B26E1BA7845}"
EndProject
Global
	GlobalSection(SolutionConfigurationPlatforms) = preSolution
		Debug|Any CPU = Debug|Any CPU
		Release|Any CPU = Release|Any CPU
	EndGlobalSection
	GlobalSection(ProjectConfigurationPlatforms) = postSolution
		{2526DEB1-89AB-449D-A927-806180282E4F}.Debug|Any CPU.ActiveCfg = Debug|Any CPU
		{2526DEB1-89AB-449D-A927-806180282E4F}.Debug|Any CPU.Build.0 = Debug|Any CPU
		{2526DEB1-89AB-449D-A927-806180282E4F}.Release|Any CPU.ActiveCfg = Release|Any CPU
		{2526DEB1-89AB-449D-A927-806180282E4F}.Release|Any CPU.Build.0 = Release|Any CPU
		{A6C4ADED-D6AD-46AA-A545-FCC50854DD51}.Debug|Any CPU.ActiveCfg = Debug|Any CPU
		{A6C4ADED-D6AD-46AA-A545-FCC50854DD51}.Debug|Any CPU.Build.0 = Debug|Any CPU
		{A6C4ADED-D6AD-46AA-A545-FCC50854DD51}.Release|Any CPU.ActiveCfg = Release|Any CPU
		{A6C4ADED-D6AD-46AA-A545-FCC50854DD51}.Release|Any CPU.Build.0 = Release|Any CPU
		{7B7ECC9E-9C57-4898-A2F2-AB153EBF7373}.Debug|Any CPU.ActiveCfg = Debug|Any CPU
		{7B7ECC9E-9C57-4898-A2F2-AB153EBF7373}.Debug|Any CPU.Build.0 = Debug|Any CPU
		{7B7ECC9E-9C57-4898-A2F2-AB153EBF7373}.Release|Any CPU.ActiveCfg = Release|Any CPU
		{7B7ECC9E-9C57-4898-A2F2-AB153EBF7373}.Release|Any CPU.Build.0 = Release|Any CPU
		{1CE00514-2367-4062-A2A3-1664579D6B9F}.Debug|Any CPU.ActiveCfg = Debug|Any CPU
		{1CE00514-2367-4062-A2A3-1664579D6B9F}.Debug|Any CPU.Build.0 = Debug|Any CPU
		{1CE00514-2367-4062-A2A3-1664579D6B9F}.Release|Any CPU.ActiveCfg = Release|Any CPU
		{1CE00514-2367-4062-A2A3-1664579D6B9F}.Release|Any CPU.Build.0 = Release|Any CPU
		{48DE74A9-B365-49DA-A2B3-4B6853838CC5}.Debug|Any CPU.ActiveCfg = Debug|Any CPU
		{48DE74A9-B365-49DA-A2B3-4B6853838CC5}.Debug|Any CPU.Build.0 = Debug|Any CPU
		{48DE74A9-B365-49DA-A2B3-4B6853838CC5}.Release|Any CPU.ActiveCfg = Release|Any CPU
		{48DE74A9-B365-49DA-A2B3-4B6853838CC5}.Release|Any CPU.Build.0 = Release|Any CPU
		{C7F37AF2-AF5C-4DAF-A0D4-4BD2CB08F73E}.Debug|Any CPU.ActiveCfg = Debug|Any CPU
		{C7F37AF2-AF5C-4DAF-A0D4-4BD2CB08F73E}.Debug|Any CPU.Build.0 = Debug|Any CPU
		{C7F37AF2-AF5C-4DAF-A0D4-4BD2CB08F73E}.Release|Any CPU.ActiveCfg = Release|Any CPU
		{C7F37AF2-AF5C-4DAF-A0D4-4BD2CB08F73E}.Release|Any CPU.Build.0 = Release|Any CPU
		{09B3539A-B6B6-4098-B449-988DB840590C}.Debug|Any CPU.ActiveCfg = Debug|Any CPU
		{09B3539A-B6B6-4098-B449-988DB840590C}.Debug|Any CPU.Build.0 = Debug|Any CPU
		{09B3539A-B6B6-4098-B449-988DB840590C}.Release|Any CPU.ActiveCfg = Release|Any CPU
		{09B3539A-B6B6-4098-B449-988DB840590C}.Release|Any CPU.Build.0 = Release|Any CPU
		{B95B55F6-3450-469F-A719-8802D9FE0B19}.Debug|Any CPU.ActiveCfg = Debug|Any CPU
		{B95B55F6-3450-469F-A719-8802D9FE0B19}.Debug|Any CPU.Build.0 = Debug|Any CPU
		{B95B55F6-3450-469F-A719-8802D9FE0B19}.Release|Any CPU.ActiveCfg = Release|Any CPU
		{B95B55F6-3450-469F-A719-8802D9FE0B19}.Release|Any CPU.Build.0 = Release|Any CPU
		{B52F7AE2-35C4-41BD-ABA3-C2E1C86934F6}.Debug|Any CPU.ActiveCfg = Debug|Any CPU
		{B52F7AE2-35C4-41BD-ABA3-C2E1C86934F6}.Debug|Any CPU.Build.0 = Debug|Any CPU
		{B52F7AE2-35C4-41BD-ABA3-C2E1C86934F6}.Release|Any CPU.ActiveCfg = Release|Any CPU
		{B52F7AE2-35C4-41BD-ABA3-C2E1C86934F6}.Release|Any CPU.Build.0 = Release|Any CPU
		{ACF93C8A-57CC-4648-A5B9-93FC801BA28C}.Debug|Any CPU.ActiveCfg = Debug|Any CPU
		{ACF93C8A-57CC-4648-A5B9-93FC801BA28C}.Debug|Any CPU.Build.0 = Debug|Any CPU
		{ACF93C8A-57CC-4648-A5B9-93FC801BA28C}.Release|Any CPU.ActiveCfg = Release|Any CPU
		{ACF93C8A-57CC-4648-A5B9-93FC801BA28C}.Release|Any CPU.Build.0 = Release|Any CPU
		{569C4C1E-63C4-44E3-8706-DD4CBD60D83B}.Debug|Any CPU.ActiveCfg = Debug|Any CPU
		{569C4C1E-63C4-44E3-8706-DD4CBD60D83B}.Debug|Any CPU.Build.0 = Debug|Any CPU
		{569C4C1E-63C4-44E3-8706-DD4CBD60D83B}.Release|Any CPU.ActiveCfg = Release|Any CPU
		{569C4C1E-63C4-44E3-8706-DD4CBD60D83B}.Release|Any CPU.Build.0 = Release|Any CPU
		{F66392BF-0537-442F-9DBC-FD0D6B768540}.Debug|Any CPU.ActiveCfg = Debug|Any CPU
		{F66392BF-0537-442F-9DBC-FD0D6B768540}.Debug|Any CPU.Build.0 = Debug|Any CPU
		{F66392BF-0537-442F-9DBC-FD0D6B768540}.Release|Any CPU.ActiveCfg = Release|Any CPU
		{F66392BF-0537-442F-9DBC-FD0D6B768540}.Release|Any CPU.Build.0 = Release|Any CPU
		{F119E618-E063-4CAB-9A86-AA67395DBE35}.Debug|Any CPU.ActiveCfg = Debug|Any CPU
		{F119E618-E063-4CAB-9A86-AA67395DBE35}.Debug|Any CPU.Build.0 = Debug|Any CPU
		{F119E618-E063-4CAB-9A86-AA67395DBE35}.Release|Any CPU.ActiveCfg = Release|Any CPU
		{F119E618-E063-4CAB-9A86-AA67395DBE35}.Release|Any CPU.Build.0 = Release|Any CPU
		{B1F8B67F-3AF9-4E42-B93B-CADED6BDB1D6}.Debug|Any CPU.ActiveCfg = Debug|Any CPU
		{B1F8B67F-3AF9-4E42-B93B-CADED6BDB1D6}.Debug|Any CPU.Build.0 = Debug|Any CPU
		{B1F8B67F-3AF9-4E42-B93B-CADED6BDB1D6}.Release|Any CPU.ActiveCfg = Release|Any CPU
		{B1F8B67F-3AF9-4E42-B93B-CADED6BDB1D6}.Release|Any CPU.Build.0 = Release|Any CPU
		{CDD9F2D8-1DC6-481F-B5CE-004A06C59531}.Debug|Any CPU.ActiveCfg = Debug|Any CPU
		{CDD9F2D8-1DC6-481F-B5CE-004A06C59531}.Debug|Any CPU.Build.0 = Debug|Any CPU
		{CDD9F2D8-1DC6-481F-B5CE-004A06C59531}.Release|Any CPU.ActiveCfg = Release|Any CPU
		{CDD9F2D8-1DC6-481F-B5CE-004A06C59531}.Release|Any CPU.Build.0 = Release|Any CPU
		{D3380F18-6035-4012-9F28-EA3983C21FA4}.Debug|Any CPU.ActiveCfg = Debug|Any CPU
		{D3380F18-6035-4012-9F28-EA3983C21FA4}.Debug|Any CPU.Build.0 = Debug|Any CPU
		{D3380F18-6035-4012-9F28-EA3983C21FA4}.Release|Any CPU.ActiveCfg = Release|Any CPU
		{D3380F18-6035-4012-9F28-EA3983C21FA4}.Release|Any CPU.Build.0 = Release|Any CPU
		{8A7E5754-0E76-4DD1-AAC0-69E5A4192688}.Debug|Any CPU.ActiveCfg = Debug|Any CPU
		{8A7E5754-0E76-4DD1-AAC0-69E5A4192688}.Debug|Any CPU.Build.0 = Debug|Any CPU
		{8A7E5754-0E76-4DD1-AAC0-69E5A4192688}.Release|Any CPU.ActiveCfg = Release|Any CPU
		{8A7E5754-0E76-4DD1-AAC0-69E5A4192688}.Release|Any CPU.Build.0 = Release|Any CPU
		{B4FB4E7D-EC90-4BD6-94C8-740BC35D5199}.Debug|Any CPU.ActiveCfg = Debug|Any CPU
		{B4FB4E7D-EC90-4BD6-94C8-740BC35D5199}.Debug|Any CPU.Build.0 = Debug|Any CPU
		{B4FB4E7D-EC90-4BD6-94C8-740BC35D5199}.Release|Any CPU.ActiveCfg = Release|Any CPU
		{B4FB4E7D-EC90-4BD6-94C8-740BC35D5199}.Release|Any CPU.Build.0 = Release|Any CPU
		{36BD078C-D417-43C4-B4D8-3D4A0F63D454}.Debug|Any CPU.ActiveCfg = Debug|Any CPU
		{36BD078C-D417-43C4-B4D8-3D4A0F63D454}.Debug|Any CPU.Build.0 = Debug|Any CPU
		{36BD078C-D417-43C4-B4D8-3D4A0F63D454}.Release|Any CPU.ActiveCfg = Release|Any CPU
		{36BD078C-D417-43C4-B4D8-3D4A0F63D454}.Release|Any CPU.Build.0 = Release|Any CPU
		{5FE3F4E1-7771-44FB-865E-1B26E1BA7845}.Debug|Any CPU.ActiveCfg = Debug|Any CPU
		{5FE3F4E1-7771-44FB-865E-1B26E1BA7845}.Debug|Any CPU.Build.0 = Debug|Any CPU
		{5FE3F4E1-7771-44FB-865E-1B26E1BA7845}.Release|Any CPU.ActiveCfg = Release|Any CPU
		{5FE3F4E1-7771-44FB-865E-1B26E1BA7845}.Release|Any CPU.Build.0 = Release|Any CPU
	EndGlobalSection
	GlobalSection(SolutionProperties) = preSolution
		HideSolutionNode = FALSE
	EndGlobalSection
	GlobalSection(NestedProjects) = preSolution
		{2526DEB1-89AB-449D-A927-806180282E4F} = {D7C7DF00-23C2-44DC-84E0-67EB7C01BE9F}
		{A6C4ADED-D6AD-46AA-A545-FCC50854DD51} = {D7C7DF00-23C2-44DC-84E0-67EB7C01BE9F}
		{7B7ECC9E-9C57-4898-A2F2-AB153EBF7373} = {A9DC0E65-AC1B-454E-88A4-8FC3C2A0B486}
		{1CE00514-2367-4062-A2A3-1664579D6B9F} = {96FD003F-5168-4FA4-AA4F-A8AFFE200037}
		{48DE74A9-B365-49DA-A2B3-4B6853838CC5} = {ACDCEE26-A1E7-40EF-A07F-2EE1054A7512}
		{C7F37AF2-AF5C-4DAF-A0D4-4BD2CB08F73E} = {9B377444-21F2-4EF8-8428-16167EBB40A7}
		{A9DC0E65-AC1B-454E-88A4-8FC3C2A0B486} = {9F974D51-1142-4352-B74E-2BA1A18BAFFE}
		{96FD003F-5168-4FA4-AA4F-A8AFFE200037} = {9F974D51-1142-4352-B74E-2BA1A18BAFFE}
		{68FD36BB-3857-469A-8EF7-A286EDE1D4BD} = {EE6EF8DF-6182-4F66-820B-A2E6979DFBCF}
		{ACDCEE26-A1E7-40EF-A07F-2EE1054A7512} = {68FD36BB-3857-469A-8EF7-A286EDE1D4BD}
		{09B3539A-B6B6-4098-B449-988DB840590C} = {A9DC0E65-AC1B-454E-88A4-8FC3C2A0B486}
		{B95B55F6-3450-469F-A719-8802D9FE0B19} = {A9DC0E65-AC1B-454E-88A4-8FC3C2A0B486}
		{B52F7AE2-35C4-41BD-ABA3-C2E1C86934F6} = {D7C7DF00-23C2-44DC-84E0-67EB7C01BE9F}
		{ACF93C8A-57CC-4648-A5B9-93FC801BA28C} = {96FD003F-5168-4FA4-AA4F-A8AFFE200037}
		{569C4C1E-63C4-44E3-8706-DD4CBD60D83B} = {96FD003F-5168-4FA4-AA4F-A8AFFE200037}
		{F66392BF-0537-442F-9DBC-FD0D6B768540} = {A9DC0E65-AC1B-454E-88A4-8FC3C2A0B486}
		{F119E618-E063-4CAB-9A86-AA67395DBE35} = {9B377444-21F2-4EF8-8428-16167EBB40A7}
		{B1F8B67F-3AF9-4E42-B93B-CADED6BDB1D6} = {9B377444-21F2-4EF8-8428-16167EBB40A7}
		{CDD9F2D8-1DC6-481F-B5CE-004A06C59531} = {96FD003F-5168-4FA4-AA4F-A8AFFE200037}
		{D3380F18-6035-4012-9F28-EA3983C21FA4} = {ACDCEE26-A1E7-40EF-A07F-2EE1054A7512}
		{8A7E5754-0E76-4DD1-AAC0-69E5A4192688} = {EE6EF8DF-6182-4F66-820B-A2E6979DFBCF}
		{B4FB4E7D-EC90-4BD6-94C8-740BC35D5199} = {D7C7DF00-23C2-44DC-84E0-67EB7C01BE9F}
		{36BD078C-D417-43C4-B4D8-3D4A0F63D454} = {ACDCEE26-A1E7-40EF-A07F-2EE1054A7512}
		{5FE3F4E1-7771-44FB-865E-1B26E1BA7845} = {96FD003F-5168-4FA4-AA4F-A8AFFE200037}
	EndGlobalSection
	GlobalSection(ExtensibilityGlobals) = postSolution
		SolutionGuid = {8A81DC4A-7CDC-4C36-B8C5-FC8B381A1124}
	EndGlobalSection
EndGlobal
